
Microsoft Visual Studio Solution File, Format Version 12.00
# Visual Studio Version 17
VisualStudioVersion = 17.12.35521.163
MinimumVisualStudioVersion = 10.0.40219.1
Project("{FAE04EC0-301F-11D3-BF4B-00C04F79EFBC}") = "Api", "Api\Api.csproj", "{AB426092-1DFB-497A-B305-508F55145DDB}"
EndProject
Project("{FAE04EC0-301F-11D3-BF4B-00C04F79EFBC}") = "Domain", "Domain\Domain.csproj", "{527ACC71-A0AF-4949-B3EE-63601D356EA7}"
EndProject
Project("{FAE04EC0-301F-11D3-BF4B-00C04F79EFBC}") = "Application", "Application\Application.csproj", "{7ABD03CB-620A-43EE-8CBE-1556C1DF6489}"
EndProject
Project("{FAE04EC0-301F-11D3-BF4B-00C04F79EFBC}") = "Infrastructure", "Infrastructure\Infrastructure.csproj", "{83EB6FE8-B205-4D79-918F-D28EA51F1466}"
EndProject
Project("{FAE04EC0-301F-11D3-BF4B-00C04F79EFBC}") = "Frontend", "Frontend\Frontend.csproj", "{361D7D2B-768D-439E-BDE3-9E9DCC2D8C80}"
EndProject
Project("{FAE04EC0-301F-11D3-BF4B-00C04F79EFBC}") = "Common", "Common\Common.csproj", "{7A7A6A36-D397-43A8-AE11-435013D67425}"
EndProject
Global
	GlobalSection(SolutionConfigurationPlatforms) = preSolution
		Debug|Any CPU = Debug|Any CPU
		Release|Any CPU = Release|Any CPU
	EndGlobalSection
	GlobalSection(ProjectConfigurationPlatforms) = postSolution
		{AB426092-1DFB-497A-B305-508F55145DDB}.Debug|Any CPU.ActiveCfg = Debug|Any CPU
		{AB426092-1DFB-497A-B305-508F55145DDB}.Debug|Any CPU.Build.0 = Debug|Any CPU
		{AB426092-1DFB-497A-B305-508F55145DDB}.Release|Any CPU.ActiveCfg = Release|Any CPU
		{AB426092-1DFB-497A-B305-508F55145DDB}.Release|Any CPU.Build.0 = Release|Any CPU
		{527ACC71-A0AF-4949-B3EE-63601D356EA7}.Debug|Any CPU.ActiveCfg = Debug|Any CPU
		{527ACC71-A0AF-4949-B3EE-63601D356EA7}.Debug|Any CPU.Build.0 = Debug|Any CPU
		{527ACC71-A0AF-4949-B3EE-63601D356EA7}.Release|Any CPU.ActiveCfg = Release|Any CPU
		{527ACC71-A0AF-4949-B3EE-63601D356EA7}.Release|Any CPU.Build.0 = Release|Any CPU
		{7ABD03CB-620A-43EE-8CBE-1556C1DF6489}.Debug|Any CPU.ActiveCfg = Debug|Any CPU
		{7ABD03CB-620A-43EE-8CBE-1556C1DF6489}.Debug|Any CPU.Build.0 = Debug|Any CPU
		{7ABD03CB-620A-43EE-8CBE-1556C1DF6489}.Release|Any CPU.ActiveCfg = Release|Any CPU
		{7ABD03CB-620A-43EE-8CBE-1556C1DF6489}.Release|Any CPU.Build.0 = Release|Any CPU
		{83EB6FE8-B205-4D79-918F-D28EA51F1466}.Debug|Any CPU.ActiveCfg = Debug|Any CPU
		{83EB6FE8-B205-4D79-918F-D28EA51F1466}.Debug|Any CPU.Build.0 = Debug|Any CPU
		{83EB6FE8-B205-4D79-918F-D28EA51F1466}.Release|Any CPU.ActiveCfg = Release|Any CPU
		{83EB6FE8-B205-4D79-918F-D28EA51F1466}.Release|Any CPU.Build.0 = Release|Any CPU
		{361D7D2B-768D-439E-BDE3-9E9DCC2D8C80}.Debug|Any CPU.ActiveCfg = Debug|Any CPU
		{361D7D2B-768D-439E-BDE3-9E9DCC2D8C80}.Debug|Any CPU.Build.0 = Debug|Any CPU
		{361D7D2B-768D-439E-BDE3-9E9DCC2D8C80}.Release|Any CPU.ActiveCfg = Release|Any CPU
		{361D7D2B-768D-439E-BDE3-9E9DCC2D8C80}.Release|Any CPU.Build.0 = Release|Any CPU
		{7A7A6A36-D397-43A8-AE11-435013D67425}.Debug|Any CPU.ActiveCfg = Debug|Any CPU
		{7A7A6A36-D397-43A8-AE11-435013D67425}.Debug|Any CPU.Build.0 = Debug|Any CPU
		{7A7A6A36-D397-43A8-AE11-435013D67425}.Release|Any CPU.ActiveCfg = Release|Any CPU
		{7A7A6A36-D397-43A8-AE11-435013D67425}.Release|Any CPU.Build.0 = Release|Any CPU
	EndGlobalSection
	GlobalSection(SolutionProperties) = preSolution
		HideSolutionNode = FALSE
	EndGlobalSection
EndGlobal
